// !$*UTF8*$!
{
	archiveVersion = 1;
	classes = {
	};
	objectVersion = 46;
	objects = {

/* Begin PBXBuildFile section */
		607FACD61AFB9204008FA782 /* AppDelegate.swift in Sources */ = {isa = PBXBuildFile; fileRef = 607FACD51AFB9204008FA782 /* AppDelegate.swift */; };
		607FACDD1AFB9204008FA782 /* Images.xcassets in Resources */ = {isa = PBXBuildFile; fileRef = 607FACDC1AFB9204008FA782 /* Images.xcassets */; };
		607FACE01AFB9204008FA782 /* LaunchScreen.xib in Resources */ = {isa = PBXBuildFile; fileRef = 607FACDE1AFB9204008FA782 /* LaunchScreen.xib */; };
		607FACEC1AFB9204008FA782 /* FetchAllTournamentsTests.swift in Sources */ = {isa = PBXBuildFile; fileRef = 607FACEB1AFB9204008FA782 /* FetchAllTournamentsTests.swift */; };
		83EB33B3A207E77D5116C820 /* Pods_ChallongeNetworking_Example.framework in Frameworks */ = {isa = PBXBuildFile; fileRef = 423F8A80FDB894D46B8F0155 /* Pods_ChallongeNetworking_Example.framework */; };
		A8165B159FDB67DB6A74E3AF /* Pods_ChallongeNetworking_Tests.framework in Frameworks */ = {isa = PBXBuildFile; fileRef = CCC1CDEA585F62D1817E597B /* Pods_ChallongeNetworking_Tests.framework */; };
		D8030EBC219D041D00283C97 /* CredentialsViewController.swift in Sources */ = {isa = PBXBuildFile; fileRef = D8030EBA219D041D00283C97 /* CredentialsViewController.swift */; };
		D8030EBD219D041D00283C97 /* CredentialsViewController.xib in Resources */ = {isa = PBXBuildFile; fileRef = D8030EBB219D041D00283C97 /* CredentialsViewController.xib */; };
		D8030EC0219D050500283C97 /* EndpointsTableViewController.swift in Sources */ = {isa = PBXBuildFile; fileRef = D8030EBE219D050500283C97 /* EndpointsTableViewController.swift */; };
		D8030EC1219D050500283C97 /* EndpointsTableViewController.xib in Resources */ = {isa = PBXBuildFile; fileRef = D8030EBF219D050500283C97 /* EndpointsTableViewController.xib */; };
		D8030EC9219D0A0D00283C97 /* JSONViewController.swift in Sources */ = {isa = PBXBuildFile; fileRef = D8030EC7219D0A0D00283C97 /* JSONViewController.swift */; };
		D8030ECA219D0A0D00283C97 /* JSONViewController.xib in Resources */ = {isa = PBXBuildFile; fileRef = D8030EC8219D0A0D00283C97 /* JSONViewController.xib */; };
		D8080D852213C32D007B418E /* Helper.swift in Sources */ = {isa = PBXBuildFile; fileRef = D8080D832213C2B0007B418E /* Helper.swift */; };
		D8080D912214E429007B418E /* FetchMatchesForTournamentTests.swift in Sources */ = {isa = PBXBuildFile; fileRef = D8080D902214E429007B418E /* FetchMatchesForTournamentTests.swift */; };
		D8080D922214EFBE007B418E /* Matches-Feb-2019.json in Resources */ = {isa = PBXBuildFile; fileRef = D8080D8E2213CF94007B418E /* Matches-Feb-2019.json */; };
		D8080D932214F2E8007B418E /* GetAllTournaments-Feb-2019.json in Resources */ = {isa = PBXBuildFile; fileRef = D8080D8C2213CA65007B418E /* GetAllTournaments-Feb-2019.json */; };
		D8080D942214F2EC007B418E /* GetSingleTournament-Feb-2019.json in Resources */ = {isa = PBXBuildFile; fileRef = D8080D882213C372007B418E /* GetSingleTournament-Feb-2019.json */; };
		D8080D962214F477007B418E /* FetchParticipantsForTournamentTests.swift in Sources */ = {isa = PBXBuildFile; fileRef = D8080D952214F477007B418E /* FetchParticipantsForTournamentTests.swift */; };
		D8080D9B2214FC3E007B418E /* Participants-Feb-2019.json in Resources */ = {isa = PBXBuildFile; fileRef = D8080D972214F55B007B418E /* Participants-Feb-2019.json */; };
		D8080D9C2214FC41007B418E /* MultiParticipants-Feb-2019.json in Resources */ = {isa = PBXBuildFile; fileRef = D8080D992214FA94007B418E /* MultiParticipants-Feb-2019.json */; };
		D82D0FBF221E457400AB42D3 /* KeychainStore.swift in Sources */ = {isa = PBXBuildFile; fileRef = D82D0FBE221E457400AB42D3 /* KeychainStore.swift */; };
		D82D0FD1221E4C5E00AB42D3 /* FetchSingleTournamentTests.swift in Sources */ = {isa = PBXBuildFile; fileRef = D82D0FCF221E4BC400AB42D3 /* FetchSingleTournamentTests.swift */; };
/* End PBXBuildFile section */

/* Begin PBXContainerItemProxy section */
		607FACE61AFB9204008FA782 /* PBXContainerItemProxy */ = {
			isa = PBXContainerItemProxy;
			containerPortal = 607FACC81AFB9204008FA782 /* Project object */;
			proxyType = 1;
			remoteGlobalIDString = 607FACCF1AFB9204008FA782;
			remoteInfo = ChallongeNetworking;
		};
/* End PBXContainerItemProxy section */

/* Begin PBXFileReference section */
		29FE2D4DCC7BC3B0E2CA684A /* README.md */ = {isa = PBXFileReference; includeInIndex = 1; lastKnownFileType = net.daringfireball.markdown; name = README.md; path = ../README.md; sourceTree = "<group>"; };
		423F8A80FDB894D46B8F0155 /* Pods_ChallongeNetworking_Example.framework */ = {isa = PBXFileReference; explicitFileType = wrapper.framework; includeInIndex = 0; path = Pods_ChallongeNetworking_Example.framework; sourceTree = BUILT_PRODUCTS_DIR; };
		4E833DDBE11CB85E230A9EFB /* ChallongeNetworking.podspec */ = {isa = PBXFileReference; includeInIndex = 1; lastKnownFileType = text; name = ChallongeNetworking.podspec; path = ../ChallongeNetworking.podspec; sourceTree = "<group>"; xcLanguageSpecificationIdentifier = xcode.lang.ruby; };
		607FACD01AFB9204008FA782 /* ChallongeNetworking_Example.app */ = {isa = PBXFileReference; explicitFileType = wrapper.application; includeInIndex = 0; path = ChallongeNetworking_Example.app; sourceTree = BUILT_PRODUCTS_DIR; };
		607FACD41AFB9204008FA782 /* Info.plist */ = {isa = PBXFileReference; lastKnownFileType = text.plist.xml; path = Info.plist; sourceTree = "<group>"; };
		607FACD51AFB9204008FA782 /* AppDelegate.swift */ = {isa = PBXFileReference; lastKnownFileType = sourcecode.swift; path = AppDelegate.swift; sourceTree = "<group>"; };
		607FACDC1AFB9204008FA782 /* Images.xcassets */ = {isa = PBXFileReference; lastKnownFileType = folder.assetcatalog; path = Images.xcassets; sourceTree = "<group>"; };
		607FACDF1AFB9204008FA782 /* Base */ = {isa = PBXFileReference; lastKnownFileType = file.xib; name = Base; path = Base.lproj/LaunchScreen.xib; sourceTree = "<group>"; };
		607FACE51AFB9204008FA782 /* ChallongeNetworking_Tests.xctest */ = {isa = PBXFileReference; explicitFileType = wrapper.cfbundle; includeInIndex = 0; path = ChallongeNetworking_Tests.xctest; sourceTree = BUILT_PRODUCTS_DIR; };
		607FACEA1AFB9204008FA782 /* Info.plist */ = {isa = PBXFileReference; lastKnownFileType = text.plist.xml; path = Info.plist; sourceTree = "<group>"; };
		607FACEB1AFB9204008FA782 /* FetchAllTournamentsTests.swift */ = {isa = PBXFileReference; lastKnownFileType = sourcecode.swift; path = FetchAllTournamentsTests.swift; sourceTree = "<group>"; };
		6C12C42D9B611D325C146C75 /* LICENSE */ = {isa = PBXFileReference; includeInIndex = 1; lastKnownFileType = text; name = LICENSE; path = ../LICENSE; sourceTree = "<group>"; };
		6F469965C6660F28A7EE10CD /* Pods-ChallongeNetworking_Example.release.xcconfig */ = {isa = PBXFileReference; includeInIndex = 1; lastKnownFileType = text.xcconfig; name = "Pods-ChallongeNetworking_Example.release.xcconfig"; path = "Pods/Target Support Files/Pods-ChallongeNetworking_Example/Pods-ChallongeNetworking_Example.release.xcconfig"; sourceTree = "<group>"; };
		A34F095B49F56526D9AE90EF /* Pods-ChallongeNetworking_Example.debug.xcconfig */ = {isa = PBXFileReference; includeInIndex = 1; lastKnownFileType = text.xcconfig; name = "Pods-ChallongeNetworking_Example.debug.xcconfig"; path = "Pods/Target Support Files/Pods-ChallongeNetworking_Example/Pods-ChallongeNetworking_Example.debug.xcconfig"; sourceTree = "<group>"; };
		CCC1CDEA585F62D1817E597B /* Pods_ChallongeNetworking_Tests.framework */ = {isa = PBXFileReference; explicitFileType = wrapper.framework; includeInIndex = 0; path = Pods_ChallongeNetworking_Tests.framework; sourceTree = BUILT_PRODUCTS_DIR; };
		D8030EBA219D041D00283C97 /* CredentialsViewController.swift */ = {isa = PBXFileReference; lastKnownFileType = sourcecode.swift; path = CredentialsViewController.swift; sourceTree = "<group>"; };
		D8030EBB219D041D00283C97 /* CredentialsViewController.xib */ = {isa = PBXFileReference; lastKnownFileType = file.xib; path = CredentialsViewController.xib; sourceTree = "<group>"; };
		D8030EBE219D050500283C97 /* EndpointsTableViewController.swift */ = {isa = PBXFileReference; lastKnownFileType = sourcecode.swift; path = EndpointsTableViewController.swift; sourceTree = "<group>"; };
		D8030EBF219D050500283C97 /* EndpointsTableViewController.xib */ = {isa = PBXFileReference; lastKnownFileType = file.xib; path = EndpointsTableViewController.xib; sourceTree = "<group>"; };
		D8030EC7219D0A0D00283C97 /* JSONViewController.swift */ = {isa = PBXFileReference; lastKnownFileType = sourcecode.swift; path = JSONViewController.swift; sourceTree = "<group>"; };
		D8030EC8219D0A0D00283C97 /* JSONViewController.xib */ = {isa = PBXFileReference; lastKnownFileType = file.xib; path = JSONViewController.xib; sourceTree = "<group>"; };
		D8080D832213C2B0007B418E /* Helper.swift */ = {isa = PBXFileReference; lastKnownFileType = sourcecode.swift; path = Helper.swift; sourceTree = "<group>"; };
		D8080D882213C372007B418E /* GetSingleTournament-Feb-2019.json */ = {isa = PBXFileReference; lastKnownFileType = text.json; path = "GetSingleTournament-Feb-2019.json"; sourceTree = "<group>"; };
		D8080D8C2213CA65007B418E /* GetAllTournaments-Feb-2019.json */ = {isa = PBXFileReference; lastKnownFileType = text.json; path = "GetAllTournaments-Feb-2019.json"; sourceTree = "<group>"; };
		D8080D8E2213CF94007B418E /* Matches-Feb-2019.json */ = {isa = PBXFileReference; lastKnownFileType = text.json; path = "Matches-Feb-2019.json"; sourceTree = "<group>"; };
		D8080D902214E429007B418E /* FetchMatchesForTournamentTests.swift */ = {isa = PBXFileReference; lastKnownFileType = sourcecode.swift; path = FetchMatchesForTournamentTests.swift; sourceTree = "<group>"; };
		D8080D952214F477007B418E /* FetchParticipantsForTournamentTests.swift */ = {isa = PBXFileReference; lastKnownFileType = sourcecode.swift; path = FetchParticipantsForTournamentTests.swift; sourceTree = "<group>"; };
		D8080D972214F55B007B418E /* Participants-Feb-2019.json */ = {isa = PBXFileReference; lastKnownFileType = text.json; path = "Participants-Feb-2019.json"; sourceTree = "<group>"; };
		D8080D992214FA94007B418E /* MultiParticipants-Feb-2019.json */ = {isa = PBXFileReference; lastKnownFileType = text.json; path = "MultiParticipants-Feb-2019.json"; sourceTree = "<group>"; };
		D82D0FBE221E457400AB42D3 /* KeychainStore.swift */ = {isa = PBXFileReference; lastKnownFileType = sourcecode.swift; path = KeychainStore.swift; sourceTree = "<group>"; };
		D82D0FCF221E4BC400AB42D3 /* FetchSingleTournamentTests.swift */ = {isa = PBXFileReference; lastKnownFileType = sourcecode.swift; path = FetchSingleTournamentTests.swift; sourceTree = "<group>"; };
		E3DF095D57F3E9743BDE0165 /* Pods-ChallongeNetworking_Tests.debug.xcconfig */ = {isa = PBXFileReference; includeInIndex = 1; lastKnownFileType = text.xcconfig; name = "Pods-ChallongeNetworking_Tests.debug.xcconfig"; path = "Pods/Target Support Files/Pods-ChallongeNetworking_Tests/Pods-ChallongeNetworking_Tests.debug.xcconfig"; sourceTree = "<group>"; };
		F03D58D9F06B83CB90BF68F0 /* Pods-ChallongeNetworking_Tests.release.xcconfig */ = {isa = PBXFileReference; includeInIndex = 1; lastKnownFileType = text.xcconfig; name = "Pods-ChallongeNetworking_Tests.release.xcconfig"; path = "Pods/Target Support Files/Pods-ChallongeNetworking_Tests/Pods-ChallongeNetworking_Tests.release.xcconfig"; sourceTree = "<group>"; };
/* End PBXFileReference section */

/* Begin PBXFrameworksBuildPhase section */
		607FACCD1AFB9204008FA782 /* Frameworks */ = {
			isa = PBXFrameworksBuildPhase;
			buildActionMask = 2147483647;
			files = (
				83EB33B3A207E77D5116C820 /* Pods_ChallongeNetworking_Example.framework in Frameworks */,
			);
			runOnlyForDeploymentPostprocessing = 0;
		};
		607FACE21AFB9204008FA782 /* Frameworks */ = {
			isa = PBXFrameworksBuildPhase;
			buildActionMask = 2147483647;
			files = (
				A8165B159FDB67DB6A74E3AF /* Pods_ChallongeNetworking_Tests.framework in Frameworks */,
			);
			runOnlyForDeploymentPostprocessing = 0;
		};
/* End PBXFrameworksBuildPhase section */

/* Begin PBXGroup section */
		607FACC71AFB9204008FA782 = {
			isa = PBXGroup;
			children = (
				607FACF51AFB993E008FA782 /* Podspec Metadata */,
				607FACD21AFB9204008FA782 /* Example for ChallongeNetworking */,
				607FACE81AFB9204008FA782 /* Tests */,
				607FACD11AFB9204008FA782 /* Products */,
				89A26822DCFDC52606957BE0 /* Pods */,
				7D0E35DE10EEC7980DC0872E /* Frameworks */,
			);
			sourceTree = "<group>";
		};
		607FACD11AFB9204008FA782 /* Products */ = {
			isa = PBXGroup;
			children = (
				607FACD01AFB9204008FA782 /* ChallongeNetworking_Example.app */,
				607FACE51AFB9204008FA782 /* ChallongeNetworking_Tests.xctest */,
			);
			name = Products;
			sourceTree = "<group>";
		};
		607FACD21AFB9204008FA782 /* Example for ChallongeNetworking */ = {
			isa = PBXGroup;
			children = (
				D8030EC6219D074500283C97 /* ViewController */,
				D8030EC4219D072900283C97 /* Views */,
				607FACD51AFB9204008FA782 /* AppDelegate.swift */,
				D82D0FBE221E457400AB42D3 /* KeychainStore.swift */,
				607FACDC1AFB9204008FA782 /* Images.xcassets */,
				607FACDE1AFB9204008FA782 /* LaunchScreen.xib */,
				607FACD31AFB9204008FA782 /* Supporting Files */,
			);
			name = "Example for ChallongeNetworking";
			path = ChallongeNetworking;
			sourceTree = "<group>";
		};
		607FACD31AFB9204008FA782 /* Supporting Files */ = {
			isa = PBXGroup;
			children = (
				607FACD41AFB9204008FA782 /* Info.plist */,
			);
			name = "Supporting Files";
			sourceTree = "<group>";
		};
		607FACE81AFB9204008FA782 /* Tests */ = {
			isa = PBXGroup;
			children = (
				D82D0FCE221E4B3800AB42D3 /* Tournaments */,
				D82D0FCD221E4B3100AB42D3 /* Participants */,
				D82D0FCC221E4B2A00AB42D3 /* Matches */,
				D8080D872213C343007B418E /* JsonFiles */,
				D8080D832213C2B0007B418E /* Helper.swift */,
				607FACE91AFB9204008FA782 /* Supporting Files */,
			);
			path = Tests;
			sourceTree = "<group>";
		};
		607FACE91AFB9204008FA782 /* Supporting Files */ = {
			isa = PBXGroup;
			children = (
				607FACEA1AFB9204008FA782 /* Info.plist */,
			);
			name = "Supporting Files";
			sourceTree = "<group>";
		};
		607FACF51AFB993E008FA782 /* Podspec Metadata */ = {
			isa = PBXGroup;
			children = (
				4E833DDBE11CB85E230A9EFB /* ChallongeNetworking.podspec */,
				29FE2D4DCC7BC3B0E2CA684A /* README.md */,
				6C12C42D9B611D325C146C75 /* LICENSE */,
			);
			name = "Podspec Metadata";
			sourceTree = "<group>";
		};
		7D0E35DE10EEC7980DC0872E /* Frameworks */ = {
			isa = PBXGroup;
			children = (
				423F8A80FDB894D46B8F0155 /* Pods_ChallongeNetworking_Example.framework */,
				CCC1CDEA585F62D1817E597B /* Pods_ChallongeNetworking_Tests.framework */,
			);
			name = Frameworks;
			sourceTree = "<group>";
		};
		89A26822DCFDC52606957BE0 /* Pods */ = {
			isa = PBXGroup;
			children = (
				A34F095B49F56526D9AE90EF /* Pods-ChallongeNetworking_Example.debug.xcconfig */,
				6F469965C6660F28A7EE10CD /* Pods-ChallongeNetworking_Example.release.xcconfig */,
				E3DF095D57F3E9743BDE0165 /* Pods-ChallongeNetworking_Tests.debug.xcconfig */,
				F03D58D9F06B83CB90BF68F0 /* Pods-ChallongeNetworking_Tests.release.xcconfig */,
			);
			name = Pods;
			sourceTree = "<group>";
		};
		D8030EC4219D072900283C97 /* Views */ = {
			isa = PBXGroup;
			children = (
				D8030EBB219D041D00283C97 /* CredentialsViewController.xib */,
				D8030EBF219D050500283C97 /* EndpointsTableViewController.xib */,
				D8030EC8219D0A0D00283C97 /* JSONViewController.xib */,
			);
			path = Views;
			sourceTree = "<group>";
		};
		D8030EC6219D074500283C97 /* ViewController */ = {
			isa = PBXGroup;
			children = (
				D8030EBA219D041D00283C97 /* CredentialsViewController.swift */,
				D8030EBE219D050500283C97 /* EndpointsTableViewController.swift */,
				D8030EC7219D0A0D00283C97 /* JSONViewController.swift */,
			);
			path = ViewController;
			sourceTree = "<group>";
		};
		D8080D872213C343007B418E /* JsonFiles */ = {
			isa = PBXGroup;
			children = (
				D8080D882213C372007B418E /* GetSingleTournament-Feb-2019.json */,
				D8080D8C2213CA65007B418E /* GetAllTournaments-Feb-2019.json */,
				D8080D8E2213CF94007B418E /* Matches-Feb-2019.json */,
				D8080D972214F55B007B418E /* Participants-Feb-2019.json */,
				D8080D992214FA94007B418E /* MultiParticipants-Feb-2019.json */,
			);
			path = JsonFiles;
			sourceTree = "<group>";
		};
		D82D0FCC221E4B2A00AB42D3 /* Matches */ = {
			isa = PBXGroup;
			children = (
				D8080D902214E429007B418E /* FetchMatchesForTournamentTests.swift */,
			);
			path = Matches;
			sourceTree = "<group>";
		};
		D82D0FCD221E4B3100AB42D3 /* Participants */ = {
			isa = PBXGroup;
			children = (
				D8080D952214F477007B418E /* FetchParticipantsForTournamentTests.swift */,
			);
			path = Participants;
			sourceTree = "<group>";
		};
		D82D0FCE221E4B3800AB42D3 /* Tournaments */ = {
			isa = PBXGroup;
			children = (
				607FACEB1AFB9204008FA782 /* FetchAllTournamentsTests.swift */,
				D82D0FCF221E4BC400AB42D3 /* FetchSingleTournamentTests.swift */,
			);
			path = Tournaments;
			sourceTree = "<group>";
		};
/* End PBXGroup section */

/* Begin PBXNativeTarget section */
		607FACCF1AFB9204008FA782 /* ChallongeNetworking_Example */ = {
			isa = PBXNativeTarget;
			buildConfigurationList = 607FACEF1AFB9204008FA782 /* Build configuration list for PBXNativeTarget "ChallongeNetworking_Example" */;
			buildPhases = (
				7E181F1D549571431B4ED048 /* [CP] Check Pods Manifest.lock */,
				607FACCC1AFB9204008FA782 /* Sources */,
				607FACCD1AFB9204008FA782 /* Frameworks */,
				607FACCE1AFB9204008FA782 /* Resources */,
				668D363B3F435EB55328B357 /* [CP] Embed Pods Frameworks */,
			);
			buildRules = (
			);
			dependencies = (
			);
			name = ChallongeNetworking_Example;
			productName = ChallongeNetworking;
			productReference = 607FACD01AFB9204008FA782 /* ChallongeNetworking_Example.app */;
			productType = "com.apple.product-type.application";
		};
		607FACE41AFB9204008FA782 /* ChallongeNetworking_Tests */ = {
			isa = PBXNativeTarget;
			buildConfigurationList = 607FACF21AFB9204008FA782 /* Build configuration list for PBXNativeTarget "ChallongeNetworking_Tests" */;
			buildPhases = (
				9A8B05F143750D1DCB764E33 /* [CP] Check Pods Manifest.lock */,
				607FACE11AFB9204008FA782 /* Sources */,
				607FACE21AFB9204008FA782 /* Frameworks */,
				607FACE31AFB9204008FA782 /* Resources */,
				1A14F8DF1037C45B9A081DAA /* [CP] Embed Pods Frameworks */,
			);
			buildRules = (
			);
			dependencies = (
				607FACE71AFB9204008FA782 /* PBXTargetDependency */,
			);
			name = ChallongeNetworking_Tests;
			productName = Tests;
			productReference = 607FACE51AFB9204008FA782 /* ChallongeNetworking_Tests.xctest */;
			productType = "com.apple.product-type.bundle.unit-test";
		};
/* End PBXNativeTarget section */

/* Begin PBXProject section */
		607FACC81AFB9204008FA782 /* Project object */ = {
			isa = PBXProject;
			attributes = {
				LastSwiftUpdateCheck = 0830;
				LastUpgradeCheck = 0830;
				ORGANIZATIONNAME = CocoaPods;
				TargetAttributes = {
					607FACCF1AFB9204008FA782 = {
						CreatedOnToolsVersion = 6.3.1;
						LastSwiftMigration = 0900;
					};
					607FACE41AFB9204008FA782 = {
						CreatedOnToolsVersion = 6.3.1;
						LastSwiftMigration = 0900;
						TestTargetID = 607FACCF1AFB9204008FA782;
					};
				};
			};
			buildConfigurationList = 607FACCB1AFB9204008FA782 /* Build configuration list for PBXProject "ChallongeNetworking" */;
			compatibilityVersion = "Xcode 3.2";
			developmentRegion = English;
			hasScannedForEncodings = 0;
			knownRegions = (
				en,
				Base,
			);
			mainGroup = 607FACC71AFB9204008FA782;
			productRefGroup = 607FACD11AFB9204008FA782 /* Products */;
			projectDirPath = "";
			projectRoot = "";
			targets = (
				607FACCF1AFB9204008FA782 /* ChallongeNetworking_Example */,
				607FACE41AFB9204008FA782 /* ChallongeNetworking_Tests */,
			);
		};
/* End PBXProject section */

/* Begin PBXResourcesBuildPhase section */
		607FACCE1AFB9204008FA782 /* Resources */ = {
			isa = PBXResourcesBuildPhase;
			buildActionMask = 2147483647;
			files = (
				D8030EC1219D050500283C97 /* EndpointsTableViewController.xib in Resources */,
				607FACE01AFB9204008FA782 /* LaunchScreen.xib in Resources */,
				607FACDD1AFB9204008FA782 /* Images.xcassets in Resources */,
				D8030EBD219D041D00283C97 /* CredentialsViewController.xib in Resources */,
				D8030ECA219D0A0D00283C97 /* JSONViewController.xib in Resources */,
			);
			runOnlyForDeploymentPostprocessing = 0;
		};
		607FACE31AFB9204008FA782 /* Resources */ = {
			isa = PBXResourcesBuildPhase;
			buildActionMask = 2147483647;
			files = (
				D8080D932214F2E8007B418E /* GetAllTournaments-Feb-2019.json in Resources */,
				D8080D942214F2EC007B418E /* GetSingleTournament-Feb-2019.json in Resources */,
				D8080D9C2214FC41007B418E /* MultiParticipants-Feb-2019.json in Resources */,
				D8080D922214EFBE007B418E /* Matches-Feb-2019.json in Resources */,
				D8080D9B2214FC3E007B418E /* Participants-Feb-2019.json in Resources */,
			);
			runOnlyForDeploymentPostprocessing = 0;
		};
/* End PBXResourcesBuildPhase section */

/* Begin PBXShellScriptBuildPhase section */
		1A14F8DF1037C45B9A081DAA /* [CP] Embed Pods Frameworks */ = {
			isa = PBXShellScriptBuildPhase;
			buildActionMask = 2147483647;
			files = (
			);
			inputFileListPaths = (
			);
			inputPaths = (
				"${SRCROOT}/Pods/Target Support Files/Pods-ChallongeNetworking_Tests/Pods-ChallongeNetworking_Tests-frameworks.sh",
				"${BUILT_PRODUCTS_DIR}/ChallongeNetworking/ChallongeNetworking.framework",
				"${BUILT_PRODUCTS_DIR}/OHHTTPStubs/OHHTTPStubs.framework",
			);
			name = "[CP] Embed Pods Frameworks";
			outputFileListPaths = (
			);
			outputPaths = (
				"${TARGET_BUILD_DIR}/${FRAMEWORKS_FOLDER_PATH}/ChallongeNetworking.framework",
				"${TARGET_BUILD_DIR}/${FRAMEWORKS_FOLDER_PATH}/OHHTTPStubs.framework",
			);
			runOnlyForDeploymentPostprocessing = 0;
			shellPath = /bin/sh;
			shellScript = "\"${SRCROOT}/Pods/Target Support Files/Pods-ChallongeNetworking_Tests/Pods-ChallongeNetworking_Tests-frameworks.sh\"\n";
			showEnvVarsInLog = 0;
		};
		668D363B3F435EB55328B357 /* [CP] Embed Pods Frameworks */ = {
			isa = PBXShellScriptBuildPhase;
			buildActionMask = 2147483647;
			files = (
			);
			inputFileListPaths = (
			);
			inputPaths = (
				"${SRCROOT}/Pods/Target Support Files/Pods-ChallongeNetworking_Example/Pods-ChallongeNetworking_Example-frameworks.sh",
				"${BUILT_PRODUCTS_DIR}/ChallongeNetworking/ChallongeNetworking.framework",
			);
			name = "[CP] Embed Pods Frameworks";
			outputFileListPaths = (
			);
			outputPaths = (
				"${TARGET_BUILD_DIR}/${FRAMEWORKS_FOLDER_PATH}/ChallongeNetworking.framework",
			);
			runOnlyForDeploymentPostprocessing = 0;
			shellPath = /bin/sh;
			shellScript = "\"${SRCROOT}/Pods/Target Support Files/Pods-ChallongeNetworking_Example/Pods-ChallongeNetworking_Example-frameworks.sh\"\n";
			showEnvVarsInLog = 0;
		};
		7E181F1D549571431B4ED048 /* [CP] Check Pods Manifest.lock */ = {
			isa = PBXShellScriptBuildPhase;
			buildActionMask = 2147483647;
			files = (
			);
			inputFileListPaths = (
			);
			inputPaths = (
				"${PODS_PODFILE_DIR_PATH}/Podfile.lock",
				"${PODS_ROOT}/Manifest.lock",
			);
			name = "[CP] Check Pods Manifest.lock";
			outputFileListPaths = (
			);
			outputPaths = (
				"$(DERIVED_FILE_DIR)/Pods-ChallongeNetworking_Example-checkManifestLockResult.txt",
			);
			runOnlyForDeploymentPostprocessing = 0;
			shellPath = /bin/sh;
			shellScript = "diff \"${PODS_PODFILE_DIR_PATH}/Podfile.lock\" \"${PODS_ROOT}/Manifest.lock\" > /dev/null\nif [ $? != 0 ] ; then\n    # print error to STDERR\n    echo \"error: The sandbox is not in sync with the Podfile.lock. Run 'pod install' or update your CocoaPods installation.\" >&2\n    exit 1\nfi\n# This output is used by Xcode 'outputs' to avoid re-running this script phase.\necho \"SUCCESS\" > \"${SCRIPT_OUTPUT_FILE_0}\"\n";
			showEnvVarsInLog = 0;
		};
		9A8B05F143750D1DCB764E33 /* [CP] Check Pods Manifest.lock */ = {
			isa = PBXShellScriptBuildPhase;
			buildActionMask = 2147483647;
			files = (
			);
			inputFileListPaths = (
			);
			inputPaths = (
				"${PODS_PODFILE_DIR_PATH}/Podfile.lock",
				"${PODS_ROOT}/Manifest.lock",
			);
			name = "[CP] Check Pods Manifest.lock";
			outputFileListPaths = (
			);
			outputPaths = (
				"$(DERIVED_FILE_DIR)/Pods-ChallongeNetworking_Tests-checkManifestLockResult.txt",
			);
			runOnlyForDeploymentPostprocessing = 0;
			shellPath = /bin/sh;
			shellScript = "diff \"${PODS_PODFILE_DIR_PATH}/Podfile.lock\" \"${PODS_ROOT}/Manifest.lock\" > /dev/null\nif [ $? != 0 ] ; then\n    # print error to STDERR\n    echo \"error: The sandbox is not in sync with the Podfile.lock. Run 'pod install' or update your CocoaPods installation.\" >&2\n    exit 1\nfi\n# This output is used by Xcode 'outputs' to avoid re-running this script phase.\necho \"SUCCESS\" > \"${SCRIPT_OUTPUT_FILE_0}\"\n";
			showEnvVarsInLog = 0;
		};
/* End PBXShellScriptBuildPhase section */

/* Begin PBXSourcesBuildPhase section */
		607FACCC1AFB9204008FA782 /* Sources */ = {
			isa = PBXSourcesBuildPhase;
			buildActionMask = 2147483647;
			files = (
				D8030EC9219D0A0D00283C97 /* JSONViewController.swift in Sources */,
				607FACD61AFB9204008FA782 /* AppDelegate.swift in Sources */,
				D8030EC0219D050500283C97 /* EndpointsTableViewController.swift in Sources */,
				D8030EBC219D041D00283C97 /* CredentialsViewController.swift in Sources */,
				D82D0FBF221E457400AB42D3 /* KeychainStore.swift in Sources */,
			);
			runOnlyForDeploymentPostprocessing = 0;
		};
		607FACE11AFB9204008FA782 /* Sources */ = {
			isa = PBXSourcesBuildPhase;
			buildActionMask = 2147483647;
			files = (
				607FACEC1AFB9204008FA782 /* FetchAllTournamentsTests.swift in Sources */,
				D82D0FD1221E4C5E00AB42D3 /* FetchSingleTournamentTests.swift in Sources */,
				D8080D912214E429007B418E /* FetchMatchesForTournamentTests.swift in Sources */,
				D8080D852213C32D007B418E /* Helper.swift in Sources */,
				D8080D962214F477007B418E /* FetchParticipantsForTournamentTests.swift in Sources */,
			);
			runOnlyForDeploymentPostprocessing = 0;
		};
/* End PBXSourcesBuildPhase section */

/* Begin PBXTargetDependency section */
		607FACE71AFB9204008FA782 /* PBXTargetDependency */ = {
			isa = PBXTargetDependency;
			target = 607FACCF1AFB9204008FA782 /* ChallongeNetworking_Example */;
			targetProxy = 607FACE61AFB9204008FA782 /* PBXContainerItemProxy */;
		};
/* End PBXTargetDependency section */

/* Begin PBXVariantGroup section */
		607FACDE1AFB9204008FA782 /* LaunchScreen.xib */ = {
			isa = PBXVariantGroup;
			children = (
				607FACDF1AFB9204008FA782 /* Base */,
			);
			name = LaunchScreen.xib;
			sourceTree = "<group>";
		};
/* End PBXVariantGroup section */

/* Begin XCBuildConfiguration section */
		607FACED1AFB9204008FA782 /* Debug */ = {
			isa = XCBuildConfiguration;
			buildSettings = {
				ALWAYS_SEARCH_USER_PATHS = NO;
				CLANG_CXX_LANGUAGE_STANDARD = "gnu++0x";
				CLANG_CXX_LIBRARY = "libc++";
				CLANG_ENABLE_MODULES = YES;
				CLANG_ENABLE_OBJC_ARC = YES;
				CLANG_WARN_BLOCK_CAPTURE_AUTORELEASING = YES;
				CLANG_WARN_BOOL_CONVERSION = YES;
				CLANG_WARN_COMMA = YES;
				CLANG_WARN_CONSTANT_CONVERSION = YES;
				CLANG_WARN_DIRECT_OBJC_ISA_USAGE = YES_ERROR;
				CLANG_WARN_EMPTY_BODY = YES;
				CLANG_WARN_ENUM_CONVERSION = YES;
				CLANG_WARN_INFINITE_RECURSION = YES;
				CLANG_WARN_INT_CONVERSION = YES;
				CLANG_WARN_NON_LITERAL_NULL_CONVERSION = YES;
				CLANG_WARN_OBJC_LITERAL_CONVERSION = YES;
				CLANG_WARN_OBJC_ROOT_CLASS = YES_ERROR;
				CLANG_WARN_RANGE_LOOP_ANALYSIS = YES;
				CLANG_WARN_STRICT_PROTOTYPES = YES;
				CLANG_WARN_SUSPICIOUS_MOVE = YES;
				CLANG_WARN_UNREACHABLE_CODE = YES;
				CLANG_WARN__DUPLICATE_METHOD_MATCH = YES;
				"CODE_SIGN_IDENTITY[sdk=iphoneos*]" = "iPhone Developer";
				COPY_PHASE_STRIP = NO;
				DEBUG_INFORMATION_FORMAT = "dwarf-with-dsym";
				ENABLE_STRICT_OBJC_MSGSEND = YES;
				ENABLE_TESTABILITY = YES;
				GCC_C_LANGUAGE_STANDARD = gnu99;
				GCC_DYNAMIC_NO_PIC = NO;
				GCC_NO_COMMON_BLOCKS = YES;
				GCC_OPTIMIZATION_LEVEL = 0;
				GCC_PREPROCESSOR_DEFINITIONS = (
					"DEBUG=1",
					"$(inherited)",
				);
				GCC_SYMBOLS_PRIVATE_EXTERN = NO;
				GCC_WARN_64_TO_32_BIT_CONVERSION = YES;
				GCC_WARN_ABOUT_RETURN_TYPE = YES_ERROR;
				GCC_WARN_UNDECLARED_SELECTOR = YES;
				GCC_WARN_UNINITIALIZED_AUTOS = YES_AGGRESSIVE;
				GCC_WARN_UNUSED_FUNCTION = YES;
				GCC_WARN_UNUSED_VARIABLE = YES;
				IPHONEOS_DEPLOYMENT_TARGET = 9.3;
				MTL_ENABLE_DEBUG_INFO = YES;
				ONLY_ACTIVE_ARCH = YES;
				SDKROOT = iphoneos;
				SWIFT_OPTIMIZATION_LEVEL = "-Onone";
			};
			name = Debug;
		};
		607FACEE1AFB9204008FA782 /* Release */ = {
			isa = XCBuildConfiguration;
			buildSettings = {
				ALWAYS_SEARCH_USER_PATHS = NO;
				CLANG_CXX_LANGUAGE_STANDARD = "gnu++0x";
				CLANG_CXX_LIBRARY = "libc++";
				CLANG_ENABLE_MODULES = YES;
				CLANG_ENABLE_OBJC_ARC = YES;
				CLANG_WARN_BLOCK_CAPTURE_AUTORELEASING = YES;
				CLANG_WARN_BOOL_CONVERSION = YES;
				CLANG_WARN_COMMA = YES;
				CLANG_WARN_CONSTANT_CONVERSION = YES;
				CLANG_WARN_DIRECT_OBJC_ISA_USAGE = YES_ERROR;
				CLANG_WARN_EMPTY_BODY = YES;
				CLANG_WARN_ENUM_CONVERSION = YES;
				CLANG_WARN_INFINITE_RECURSION = YES;
				CLANG_WARN_INT_CONVERSION = YES;
				CLANG_WARN_NON_LITERAL_NULL_CONVERSION = YES;
				CLANG_WARN_OBJC_LITERAL_CONVERSION = YES;
				CLANG_WARN_OBJC_ROOT_CLASS = YES_ERROR;
				CLANG_WARN_RANGE_LOOP_ANALYSIS = YES;
				CLANG_WARN_STRICT_PROTOTYPES = YES;
				CLANG_WARN_SUSPICIOUS_MOVE = YES;
				CLANG_WARN_UNREACHABLE_CODE = YES;
				CLANG_WARN__DUPLICATE_METHOD_MATCH = YES;
				"CODE_SIGN_IDENTITY[sdk=iphoneos*]" = "iPhone Developer";
				COPY_PHASE_STRIP = NO;
				DEBUG_INFORMATION_FORMAT = "dwarf-with-dsym";
				ENABLE_NS_ASSERTIONS = NO;
				ENABLE_STRICT_OBJC_MSGSEND = YES;
				GCC_C_LANGUAGE_STANDARD = gnu99;
				GCC_NO_COMMON_BLOCKS = YES;
				GCC_WARN_64_TO_32_BIT_CONVERSION = YES;
				GCC_WARN_ABOUT_RETURN_TYPE = YES_ERROR;
				GCC_WARN_UNDECLARED_SELECTOR = YES;
				GCC_WARN_UNINITIALIZED_AUTOS = YES_AGGRESSIVE;
				GCC_WARN_UNUSED_FUNCTION = YES;
				GCC_WARN_UNUSED_VARIABLE = YES;
				IPHONEOS_DEPLOYMENT_TARGET = 9.3;
				MTL_ENABLE_DEBUG_INFO = NO;
				SDKROOT = iphoneos;
				SWIFT_OPTIMIZATION_LEVEL = "-Owholemodule";
				VALIDATE_PRODUCT = YES;
			};
			name = Release;
		};
		607FACF01AFB9204008FA782 /* Debug */ = {
			isa = XCBuildConfiguration;
			baseConfigurationReference = A34F095B49F56526D9AE90EF /* Pods-ChallongeNetworking_Example.debug.xcconfig */;
			buildSettings = {
				ASSETCATALOG_COMPILER_APPICON_NAME = AppIcon;
				INFOPLIST_FILE = ChallongeNetworking/Info.plist;
				IPHONEOS_DEPLOYMENT_TARGET = 11.0;
				LD_RUNPATH_SEARCH_PATHS = "$(inherited) @executable_path/Frameworks";
				MODULE_NAME = ExampleApp;
				PRODUCT_BUNDLE_IDENTIFIER = "org.cocoapods.demo.$(PRODUCT_NAME:rfc1034identifier)";
				PRODUCT_NAME = "$(TARGET_NAME)";
				SWIFT_SWIFT3_OBJC_INFERENCE = Default;
				SWIFT_VERSION = 4.0;
			};
			name = Debug;
		};
		607FACF11AFB9204008FA782 /* Release */ = {
			isa = XCBuildConfiguration;
			baseConfigurationReference = 6F469965C6660F28A7EE10CD /* Pods-ChallongeNetworking_Example.release.xcconfig */;
			buildSettings = {
				ASSETCATALOG_COMPILER_APPICON_NAME = AppIcon;
				INFOPLIST_FILE = ChallongeNetworking/Info.plist;
				IPHONEOS_DEPLOYMENT_TARGET = 11.0;
				LD_RUNPATH_SEARCH_PATHS = "$(inherited) @executable_path/Frameworks";
				MODULE_NAME = ExampleApp;
				PRODUCT_BUNDLE_IDENTIFIER = "org.cocoapods.demo.$(PRODUCT_NAME:rfc1034identifier)";
				PRODUCT_NAME = "$(TARGET_NAME)";
				SWIFT_SWIFT3_OBJC_INFERENCE = Default;
				SWIFT_VERSION = 4.0;
			};
			name = Release;
		};
		607FACF31AFB9204008FA782 /* Debug */ = {
			isa = XCBuildConfiguration;
			baseConfigurationReference = E3DF095D57F3E9743BDE0165 /* Pods-ChallongeNetworking_Tests.debug.xcconfig */;
			buildSettings = {
				FRAMEWORK_SEARCH_PATHS = (
					"$(SDKROOT)/Developer/Library/Frameworks",
					"$(inherited)",
				);
				GCC_PREPROCESSOR_DEFINITIONS = (
					"DEBUG=1",
					"$(inherited)",
				);
				INFOPLIST_FILE = Tests/Info.plist;
				IPHONEOS_DEPLOYMENT_TARGET = 11.0;
				LD_RUNPATH_SEARCH_PATHS = "$(inherited) @executable_path/Frameworks @loader_path/Frameworks";
				PRODUCT_BUNDLE_IDENTIFIER = "org.cocoapods.$(PRODUCT_NAME:rfc1034identifier)";
				PRODUCT_NAME = "$(TARGET_NAME)";
				SWIFT_SWIFT3_OBJC_INFERENCE = Default;
				SWIFT_VERSION = 4.0;
				TEST_HOST = "$(BUILT_PRODUCTS_DIR)/ChallongeNetworking_Example.app/ChallongeNetworking_Example";
			};
			name = Debug;
		};
		607FACF41AFB9204008FA782 /* Release */ = {
			isa = XCBuildConfiguration;
			baseConfigurationReference = F03D58D9F06B83CB90BF68F0 /* Pods-ChallongeNetworking_Tests.release.xcconfig */;
			buildSettings = {
				FRAMEWORK_SEARCH_PATHS = (
					"$(SDKROOT)/Developer/Library/Frameworks",
					"$(inherited)",
				);
				INFOPLIST_FILE = Tests/Info.plist;
				IPHONEOS_DEPLOYMENT_TARGET = 11.0;
				LD_RUNPATH_SEARCH_PATHS = "$(inherited) @executable_path/Frameworks @loader_path/Frameworks";
				PRODUCT_BUNDLE_IDENTIFIER = "org.cocoapods.$(PRODUCT_NAME:rfc1034identifier)";
				PRODUCT_NAME = "$(TARGET_NAME)";
				SWIFT_SWIFT3_OBJC_INFERENCE = Default;
				SWIFT_VERSION = 4.0;
				TEST_HOST = "$(BUILT_PRODUCTS_DIR)/ChallongeNetworking_Example.app/ChallongeNetworking_Example";
			};
			name = Release;
		};
/* End XCBuildConfiguration section */

/* Begin XCConfigurationList section */
		607FACCB1AFB9204008FA782 /* Build configuration list for PBXProject "ChallongeNetworking" */ = {
			isa = XCConfigurationList;
			buildConfigurations = (
				607FACED1AFB9204008FA782 /* Debug */,
				607FACEE1AFB9204008FA782 /* Release */,
			);
			defaultConfigurationIsVisible = 0;
			defaultConfigurationName = Release;
		};
		607FACEF1AFB9204008FA782 /* Build configuration list for PBXNativeTarget "ChallongeNetworking_Example" */ = {
			isa = XCConfigurationList;
			buildConfigurations = (
				607FACF01AFB9204008FA782 /* Debug */,
				607FACF11AFB9204008FA782 /* Release */,
			);
			defaultConfigurationIsVisible = 0;
			defaultConfigurationName = Release;
		};
		607FACF21AFB9204008FA782 /* Build configuration list for PBXNativeTarget "ChallongeNetworking_Tests" */ = {
			isa = XCConfigurationList;
			buildConfigurations = (
				607FACF31AFB9204008FA782 /* Debug */,
				607FACF41AFB9204008FA782 /* Release */,
			);
			defaultConfigurationIsVisible = 0;
			defaultConfigurationName = Release;
		};
/* End XCConfigurationList section */
	};
	rootObject = 607FACC81AFB9204008FA782 /* Project object */;
}
